
Microsoft Visual Studio Solution File, Format Version 12.00
# Visual Studio Version 17
VisualStudioVersion = 17.4.33122.133
MinimumVisualStudioVersion = 10.0.40219.1
Project("{9A19103F-16F7-4668-BE54-9A1E7A4F7556}") = "Entry", "Entry\Entry.csproj", "{DD8BDED3-B972-4A7C-BAB4-D4F53880FA7B}"
EndProject
Project("{9A19103F-16F7-4668-BE54-9A1E7A4F7556}") = "BusinessLogic", "BusinessLogic\BusinessLogic.csproj", "{C40519DC-5500-44A8-B5B6-265EE2616691}"
EndProject
Project("{9A19103F-16F7-4668-BE54-9A1E7A4F7556}") = "DataAccess", "DataAccess\DataAccess.csproj", "{BA18E4CB-DADC-439F-A648-0C1E97090ECB}"
EndProject
Project("{9A19103F-16F7-4668-BE54-9A1E7A4F7556}") = "Entities", "Entities\Entities.csproj", "{4745608F-19DA-4E1A-AC5C-44831CFE8E18}"
EndProject
Project("{9A19103F-16F7-4668-BE54-9A1E7A4F7556}") = "Services", "Services\Services.csproj", "{D94A48BF-5481-4F1B-AD56-7E823E650B29}"
EndProject
Project("{9A19103F-16F7-4668-BE54-9A1E7A4F7556}") = "BusinessLogicTests", "BusinessLogicTests\BusinessLogicTests.csproj", "{95259127-413B-43A9-87DC-33CA09FED1C0}"
EndProject
Project("{9A19103F-16F7-4668-BE54-9A1E7A4F7556}") = "ServicesTests", "ServicesTests\ServicesTests.csproj", "{6A9EEFBE-DB48-44CF-9469-8F7F1EE8FE1C}"
EndProject
Project("{9A19103F-16F7-4668-BE54-9A1E7A4F7556}") = "EntitiesTests", "EntitiesTests\EntitiesTests.csproj", "{EDCE2C6C-6ABE-43D7-A54E-BF83FB0B897C}"
EndProject
Project("{9A19103F-16F7-4668-BE54-9A1E7A4F7556}") = "DataAccessTests", "DataAccessTests\DataAccessTests.csproj", "{9E77F4B8-F3F6-444E-80EA-CC88F8554E71}"
EndProject
Project("{9A19103F-16F7-4668-BE54-9A1E7A4F7556}") = "EntryTests", "EntryTests\EntryTests.csproj", "{5CF10F8D-7CC2-465A-AFA6-80C8B6D94793}"
EndProject
Project("{FAE04EC0-301F-11D3-BF4B-00C04F79EFBC}") = "TestLibrary", "TestLibrary\TestLibrary.csproj", "{9323DDE3-4CC6-41E5-BF06-F99F5C3B1C23}"
EndProject
Global
	GlobalSection(SolutionConfigurationPlatforms) = preSolution
		Debug|Any CPU = Debug|Any CPU
		Release|Any CPU = Release|Any CPU
	EndGlobalSection
	GlobalSection(ProjectConfigurationPlatforms) = postSolution
		{DD8BDED3-B972-4A7C-BAB4-D4F53880FA7B}.Debug|Any CPU.ActiveCfg = Debug|Any CPU
		{DD8BDED3-B972-4A7C-BAB4-D4F53880FA7B}.Debug|Any CPU.Build.0 = Debug|Any CPU
		{DD8BDED3-B972-4A7C-BAB4-D4F53880FA7B}.Release|Any CPU.ActiveCfg = Release|Any CPU
		{DD8BDED3-B972-4A7C-BAB4-D4F53880FA7B}.Release|Any CPU.Build.0 = Release|Any CPU
		{C40519DC-5500-44A8-B5B6-265EE2616691}.Debug|Any CPU.ActiveCfg = Debug|Any CPU
		{C40519DC-5500-44A8-B5B6-265EE2616691}.Debug|Any CPU.Build.0 = Debug|Any CPU
		{C40519DC-5500-44A8-B5B6-265EE2616691}.Release|Any CPU.ActiveCfg = Release|Any CPU
		{C40519DC-5500-44A8-B5B6-265EE2616691}.Release|Any CPU.Build.0 = Release|Any CPU
		{BA18E4CB-DADC-439F-A648-0C1E97090ECB}.Debug|Any CPU.ActiveCfg = Debug|Any CPU
		{BA18E4CB-DADC-439F-A648-0C1E97090ECB}.Debug|Any CPU.Build.0 = Debug|Any CPU
		{BA18E4CB-DADC-439F-A648-0C1E97090ECB}.Release|Any CPU.ActiveCfg = Release|Any CPU
		{BA18E4CB-DADC-439F-A648-0C1E97090ECB}.Release|Any CPU.Build.0 = Release|Any CPU
		{4745608F-19DA-4E1A-AC5C-44831CFE8E18}.Debug|Any CPU.ActiveCfg = Debug|Any CPU
		{4745608F-19DA-4E1A-AC5C-44831CFE8E18}.Debug|Any CPU.Build.0 = Debug|Any CPU
		{4745608F-19DA-4E1A-AC5C-44831CFE8E18}.Release|Any CPU.ActiveCfg = Release|Any CPU
		{4745608F-19DA-4E1A-AC5C-44831CFE8E18}.Release|Any CPU.Build.0 = Release|Any CPU
		{D94A48BF-5481-4F1B-AD56-7E823E650B29}.Debug|Any CPU.ActiveCfg = Debug|Any CPU
		{D94A48BF-5481-4F1B-AD56-7E823E650B29}.Debug|Any CPU.Build.0 = Debug|Any CPU
		{D94A48BF-5481-4F1B-AD56-7E823E650B29}.Release|Any CPU.ActiveCfg = Release|Any CPU
		{D94A48BF-5481-4F1B-AD56-7E823E650B29}.Release|Any CPU.Build.0 = Release|Any CPU
		{95259127-413B-43A9-87DC-33CA09FED1C0}.Debug|Any CPU.ActiveCfg = Debug|Any CPU
		{95259127-413B-43A9-87DC-33CA09FED1C0}.Debug|Any CPU.Build.0 = Debug|Any CPU
		{95259127-413B-43A9-87DC-33CA09FED1C0}.Release|Any CPU.ActiveCfg = Release|Any CPU
		{95259127-413B-43A9-87DC-33CA09FED1C0}.Release|Any CPU.Build.0 = Release|Any CPU
		{6A9EEFBE-DB48-44CF-9469-8F7F1EE8FE1C}.Debug|Any CPU.ActiveCfg = Debug|Any CPU
		{6A9EEFBE-DB48-44CF-9469-8F7F1EE8FE1C}.Debug|Any CPU.Build.0 = Debug|Any CPU
		{6A9EEFBE-DB48-44CF-9469-8F7F1EE8FE1C}.Release|Any CPU.ActiveCfg = Release|Any CPU
		{6A9EEFBE-DB48-44CF-9469-8F7F1EE8FE1C}.Release|Any CPU.Build.0 = Release|Any CPU
		{EDCE2C6C-6ABE-43D7-A54E-BF83FB0B897C}.Debug|Any CPU.ActiveCfg = Debug|Any CPU
		{EDCE2C6C-6ABE-43D7-A54E-BF83FB0B897C}.Debug|Any CPU.Build.0 = Debug|Any CPU
		{EDCE2C6C-6ABE-43D7-A54E-BF83FB0B897C}.Release|Any CPU.ActiveCfg = Release|Any CPU
		{EDCE2C6C-6ABE-43D7-A54E-BF83FB0B897C}.Release|Any CPU.Build.0 = Release|Any CPU
		{9E77F4B8-F3F6-444E-80EA-CC88F8554E71}.Debug|Any CPU.ActiveCfg = Debug|Any CPU
		{9E77F4B8-F3F6-444E-80EA-CC88F8554E71}.Debug|Any CPU.Build.0 = Debug|Any CPU
		{9E77F4B8-F3F6-444E-80EA-CC88F8554E71}.Release|Any CPU.ActiveCfg = Release|Any CPU
		{9E77F4B8-F3F6-444E-80EA-CC88F8554E71}.Release|Any CPU.Build.0 = Release|Any CPU
		{5CF10F8D-7CC2-465A-AFA6-80C8B6D94793}.Debug|Any CPU.ActiveCfg = Debug|Any CPU
		{5CF10F8D-7CC2-465A-AFA6-80C8B6D94793}.Debug|Any CPU.Build.0 = Debug|Any CPU
		{5CF10F8D-7CC2-465A-AFA6-80C8B6D94793}.Release|Any CPU.ActiveCfg = Release|Any CPU
		{5CF10F8D-7CC2-465A-AFA6-80C8B6D94793}.Release|Any CPU.Build.0 = Release|Any CPU
		{9323DDE3-4CC6-41E5-BF06-F99F5C3B1C23}.Debug|Any CPU.ActiveCfg = Debug|Any CPU
		{9323DDE3-4CC6-41E5-BF06-F99F5C3B1C23}.Debug|Any CPU.Build.0 = Debug|Any CPU
		{9323DDE3-4CC6-41E5-BF06-F99F5C3B1C23}.Release|Any CPU.ActiveCfg = Release|Any CPU
		{9323DDE3-4CC6-41E5-BF06-F99F5C3B1C23}.Release|Any CPU.Build.0 = Release|Any CPU
	EndGlobalSection
	GlobalSection(SolutionProperties) = preSolution
		HideSolutionNode = FALSE
	EndGlobalSection
	GlobalSection(ExtensibilityGlobals) = postSolution
		SolutionGuid = {553EA1B9-B9B0-4C10-BBCA-705C08FCB842}
	EndGlobalSection
EndGlobal
